
Microsoft Visual Studio Solution File, Format Version 12.00
# Visual Studio Version 17
VisualStudioVersion = 17.8.34408.163
MinimumVisualStudioVersion = 10.0.40219.1
Project("{9A19103F-16F7-4668-BE54-9A1E7A4F7556}") = "PDF", "PDF\PDF.csproj", "{8E6857C6-2F8F-4B26-88F8-F9F67BC310CF}"
EndProject
Project("{9A19103F-16F7-4668-BE54-9A1E7A4F7556}") = "PDF.Core", "PDF.Core\PDF.Core.csproj", "{F3168120-8D5A-41AA-8186-B6D5745419D8}"
EndProject
Global
	GlobalSection(SolutionConfigurationPlatforms) = preSolution
		Debug|Any CPU = Debug|Any CPU
		Release|Any CPU = Release|Any CPU
	EndGlobalSection
	GlobalSection(ProjectConfigurationPlatforms) = postSolution
		{8E6857C6-2F8F-4B26-88F8-F9F67BC310CF}.Debug|Any CPU.ActiveCfg = Debug|Any CPU
		{8E6857C6-2F8F-4B26-88F8-F9F67BC310CF}.Debug|Any CPU.Build.0 = Debug|Any CPU
		{8E6857C6-2F8F-4B26-88F8-F9F67BC310CF}.Release|Any CPU.ActiveCfg = Release|Any CPU
		{8E6857C6-2F8F-4B26-88F8-F9F67BC310CF}.Release|Any CPU.Build.0 = Release|Any CPU
		{F3168120-8D5A-41AA-8186-B6D5745419D8}.Debug|Any CPU.ActiveCfg = Debug|Any CPU
		{F3168120-8D5A-41AA-8186-B6D5745419D8}.Debug|Any CPU.Build.0 = Debug|Any CPU
		{F3168120-8D5A-41AA-8186-B6D5745419D8}.Release|Any CPU.ActiveCfg = Release|Any CPU
		{F3168120-8D5A-41AA-8186-B6D5745419D8}.Release|Any CPU.Build.0 = Release|Any CPU
	EndGlobalSection
	GlobalSection(SolutionProperties) = preSolution
		HideSolutionNode = FALSE
	EndGlobalSection
	GlobalSection(ExtensibilityGlobals) = postSolution
		SolutionGuid = {B8E51D0D-FFD1-4799-BD38-3F8E4C21B9F7}
	EndGlobalSection
EndGlobal
